
Microsoft Visual Studio Solution File, Format Version 12.00
# Visual Studio Version 16
VisualStudioVersion = 16.0.32602.291
MinimumVisualStudioVersion = 10.0.40219.1
Project("{FAE04EC0-301F-11D3-BF4B-00C04F79EFBC}") = "TS1FarExtractorGUI", "TS1FarExtractorGUI\TS1FarExtractorGUI.csproj", "{F85F3E1D-48E9-40D9-88ED-9E363F10F219}"
EndProject
Global
	GlobalSection(SolutionConfigurationPlatforms) = preSolution
		Debug|Any CPU = Debug|Any CPU
		Release|Any CPU = Release|Any CPU
	EndGlobalSection
	GlobalSection(ProjectConfigurationPlatforms) = postSolution
		{F85F3E1D-48E9-40D9-88ED-9E363F10F219}.Debug|Any CPU.ActiveCfg = Debug|Any CPU
		{F85F3E1D-48E9-40D9-88ED-9E363F10F219}.Debug|Any CPU.Build.0 = Debug|Any CPU
		{F85F3E1D-48E9-40D9-88ED-9E363F10F219}.Release|Any CPU.ActiveCfg = Release|Any CPU
		{F85F3E1D-48E9-40D9-88ED-9E363F10F219}.Release|Any CPU.Build.0 = Release|Any CPU
	EndGlobalSection
	GlobalSection(SolutionProperties) = preSolution
		HideSolutionNode = FALSE
	EndGlobalSection
	GlobalSection(ExtensibilityGlobals) = postSolution
		SolutionGuid = {8F452807-32C3-42A6-83BB-EBB0475C0117}
	EndGlobalSection
EndGlobal
